# THIS IS AN AUTOGENERATED FILE. DO NOT EDIT THIS FILE DIRECTLY.
# yarn lockfile v1


"@bob-plug/core@^0.1.4":
  version "0.1.4"
  resolved "https://registry.npmmirror.com/@bob-plug/core/-/core-0.1.4.tgz#4194c811a876930ed79c497302483cd0fdfb3edb"
  integrity sha512-4gbj24VTIOM0SJC6VsRt5KhEkpRkQFSM49Oy/TR0TvtPnNvaB8PqFS6eG88Mq0zKu9sapq/2ntKuGyrb7Z5dDA==

"@protobufjs/aspromise@^1.1.1", "@protobufjs/aspromise@^1.1.2":
  version "1.1.2"
  resolved "https://registry.npmmirror.com/@protobufjs/aspromise/-/aspromise-1.1.2.tgz#9b8b0cc663d669a7d8f6f5d0893a14d348f30fbf"
  integrity sha512-j+gKExEuLmKwvz3OgROXtrJ2UG2x8Ch2YZUxahh+s1F2HZ+wAceUNLkvy6zKCPVRkU++ZWQrdxsUeQXmcg4uoQ==

"@protobufjs/base64@^1.1.2":
  version "1.1.2"
  resolved "https://registry.npmmirror.com/@protobufjs/base64/-/base64-1.1.2.tgz#4c85730e59b9a1f1f349047dbf24296034bb2735"
  integrity sha512-AZkcAA5vnN/v4PDqKyMR5lx7hZttPDgClv83E//FMNhR2TMcLUhfRUBHCmSl0oi9zMgDDqRUJkSxO3wm85+XLg==

"@protobufjs/codegen@^2.0.4":
  version "2.0.4"
  resolved "https://registry.npmmirror.com/@protobufjs/codegen/-/codegen-2.0.4.tgz#7ef37f0d010fb028ad1ad59722e506d9262815cb"
  integrity sha512-YyFaikqM5sH0ziFZCN3xDC7zeGaB/d0IUb9CATugHWbd1FRFwWwt4ld4OYMPWu5a3Xe01mGAULCdqhMlPl29Jg==

"@protobufjs/eventemitter@^1.1.0":
  version "1.1.0"
  resolved "https://registry.npmmirror.com/@protobufjs/eventemitter/-/eventemitter-1.1.0.tgz#355cbc98bafad5978f9ed095f397621f1d066b70"
  integrity sha512-j9ednRT81vYJ9OfVuXG6ERSTdEL1xVsNgqpkxMsbIabzSo3goCjDIveeGv5d03om39ML71RdmrGNjG5SReBP/Q==

"@protobufjs/fetch@^1.1.0":
  version "1.1.0"
  resolved "https://registry.npmmirror.com/@protobufjs/fetch/-/fetch-1.1.0.tgz#ba99fb598614af65700c1619ff06d454b0d84c45"
  integrity sha512-lljVXpqXebpsijW71PZaCYeIcE5on1w5DlQy5WH6GLbFryLUrBD4932W/E2BSpfRJWseIL4v/KPgBFxDOIdKpQ==
  dependencies:
    "@protobufjs/aspromise" "^1.1.1"
    "@protobufjs/inquire" "^1.1.0"

"@protobufjs/float@^1.0.2":
  version "1.0.2"
  resolved "https://registry.npmmirror.com/@protobufjs/float/-/float-1.0.2.tgz#5e9e1abdcb73fc0a7cb8b291df78c8cbd97b87d1"
  integrity sha512-Ddb+kVXlXst9d+R9PfTIxh1EdNkgoRe5tOX6t01f1lYWOvJnSPDBlG241QLzcyPdoNTsblLUdujGSE4RzrTZGQ==

"@protobufjs/inquire@^1.1.0":
  version "1.1.0"
  resolved "https://registry.npmmirror.com/@protobufjs/inquire/-/inquire-1.1.0.tgz#ff200e3e7cf2429e2dcafc1140828e8cc638f089"
  integrity sha512-kdSefcPdruJiFMVSbn801t4vFK7KB/5gd2fYvrxhuJYg8ILrmn9SKSX2tZdV6V+ksulWqS7aXjBcRXl3wHoD9Q==

"@protobufjs/path@^1.1.2":
  version "1.1.2"
  resolved "https://registry.npmmirror.com/@protobufjs/path/-/path-1.1.2.tgz#6cc2b20c5c9ad6ad0dccfd21ca7673d8d7fbf68d"
  integrity sha512-6JOcJ5Tm08dOHAbdR3GrvP+yUUfkjG5ePsHYczMFLq3ZmMkAD98cDgcT2iA1lJ9NVwFd4tH/iSSoe44YWkltEA==

"@protobufjs/pool@^1.1.0":
  version "1.1.0"
  resolved "https://registry.npmmirror.com/@protobufjs/pool/-/pool-1.1.0.tgz#09fd15f2d6d3abfa9b65bc366506d6ad7846ff54"
  integrity sha512-0kELaGSIDBKvcgS4zkjz1PeddatrjYcmMWOlAuAPwAeccUrPHdUqo/J6LiymHHEiJT5NrF1UVwxY14f+fy4WQw==

"@protobufjs/utf8@^1.1.0":
  version "1.1.0"
  resolved "https://registry.npmmirror.com/@protobufjs/utf8/-/utf8-1.1.0.tgz#a777360b5b39a1a2e5106f8e858f2fd2d060c570"
  integrity sha512-Vvn3zZrhQZkkBE8LSuW3em98c0FwgO4nxzv6OdSxPKJIEKY2bGbHn+mhGIPerzI4twdxaP8/0+06HBpwf345Lw==

"@types/long@^4.0.1":
  version "4.0.2"
  resolved "https://registry.npmmirror.com/@types/long/-/long-4.0.2.tgz#b74129719fc8d11c01868010082d483b7545591a"
  integrity sha512-MqTGEo5bj5t157U6fA/BiDynNkn0YknVdh48CMPkTSpFTVmvao5UQmm7uEF6xBEo7qIMAlY/JSleYaE6VOdpaA==

"@types/node@>=13.7.0":
  version "18.0.2"
  resolved "https://registry.npmmirror.com/@types/node/-/node-18.0.2.tgz#a594e580c396c22dd6b1470be81737c79ec0b1b1"
  integrity sha512-b947SdS4GH+g2W33wf5FzUu1KLj5FcSIiNWbU1ZyMvt/X7w48ZsVcsQoirIgE/Oq03WT5Qbn/dkY0hePi4ZXcQ==

"@volcengine/openapi@^1.1.2":
  version "1.2.3"
  resolved "https://registry.npmmirror.com/@volcengine/openapi/-/openapi-1.2.3.tgz#56f775ae4805aad13dad7038504feed7c36b369b"
  integrity sha512-u5L22r5+CfXkzKJYcTxp5svEa/xdQfUJkAwetEq3YAK/TY4ZFHXAoc5u4AS1L7CwAiZR9wWLg0aC0BTLcxp/4w==
  dependencies:
    axios "^0.21.1"
    crc "^4.1.0"
    crypto-js "^4.0.0"
    debug "^4.3.1"
    form-data "^3.0.0"
    lodash.get "^4.4.2"
    protobufjs "^6.11.2"
    uuid "^8.3.2"

adm-zip@^0.5.9:
  version "0.5.9"
  resolved "https://registry.npmmirror.com/adm-zip/-/adm-zip-0.5.9.tgz#b33691028333821c0cf95c31374c5462f2905a83"
  integrity sha512-s+3fXLkeeLjZ2kLjCBwQufpI5fuN+kIGBxu6530nVQZGVol0d7Y/M88/xw9HGGUcJjKf8LutN3VPRUBq6N7Ajg==

asynckit@^0.4.0:
  version "0.4.0"
  resolved "https://registry.npmmirror.com/asynckit/-/asynckit-0.4.0.tgz#c79ed97f7f34cb8f2ba1bc9790bcc366474b4b79"
  integrity sha512-Oei9OH4tRh0YqU3GxhX79dM/mwVgvbZJaSNaRk+bshkj0S5cfHcgYakreBjrHwatXKbz+IoIdYLxrKim2MjW0Q==

axios@^0.21.1:
  version "0.21.4"
  resolved "https://registry.npmmirror.com/axios/-/axios-0.21.4.tgz#c67b90dc0568e5c1cf2b0b858c43ba28e2eda575"
  integrity sha512-ut5vewkiu8jjGBdqpM44XxjuCjq9LAKeHVmoVfHVzy8eHgxxq8SbAVQNovDA8mVi05kP0Ea/n/UzcSHcTJQfNg==
  dependencies:
    follow-redirects "^1.14.0"

axios@^0.27.2:
  version "0.27.2"
  resolved "https://registry.npmmirror.com/axios/-/axios-0.27.2.tgz#207658cc8621606e586c85db4b41a750e756d972"
  integrity sha512-t+yRIyySRTp/wua5xEr+z1q60QmLq8ABsS5O9Me1AsE5dfKqgnCFzwiCZZ/cGNd1lq4/7akDWMxdhVlucjmnOQ==
  dependencies:
    follow-redirects "^1.14.9"
    form-data "^4.0.0"

boolbase@^1.0.0:
  version "1.0.0"
  resolved "https://registry.npmmirror.com/boolbase/-/boolbase-1.0.0.tgz#68dff5fbe60c51eb37725ea9e3ed310dcc1e776e"
  integrity sha512-JZOSA7Mo9sNGB8+UjSgzdLtokWAky1zbztM3WRLCbZ70/3cTANmQmOdR7y2g+J0e2WXywy1yS468tY+IruqEww==

cheerio-select@^2.1.0:
  version "2.1.0"
  resolved "https://registry.npmmirror.com/cheerio-select/-/cheerio-select-2.1.0.tgz#4d8673286b8126ca2a8e42740d5e3c4884ae21b4"
  integrity sha512-9v9kG0LvzrlcungtnJtpGNxY+fzECQKhK4EGJX2vByejiMX84MFNQw4UxPJl3bFbTMw+Dfs37XaIkCwTZfLh4g==
  dependencies:
    boolbase "^1.0.0"
    css-select "^5.1.0"
    css-what "^6.1.0"
    domelementtype "^2.3.0"
    domhandler "^5.0.3"
    domutils "^3.0.1"

cheerio@^1.0.0-rc.12:
  version "1.0.0-rc.12"
  resolved "https://registry.npmmirror.com/cheerio/-/cheerio-1.0.0-rc.12.tgz#788bf7466506b1c6bf5fae51d24a2c4d62e47683"
  integrity sha512-VqR8m68vM46BNnuZ5NtnGBKIE/DfN0cRIzg9n40EIq9NOv90ayxLBXA8fXC5gquFRGJSTRqBq25Jt2ECLR431Q==
  dependencies:
    cheerio-select "^2.1.0"
    dom-serializer "^2.0.0"
    domhandler "^5.0.3"
    domutils "^3.0.1"
    htmlparser2 "^8.0.1"
    parse5 "^7.0.0"
    parse5-htmlparser2-tree-adapter "^7.0.0"

combined-stream@^1.0.8:
  version "1.0.8"
  resolved "https://registry.npmmirror.com/combined-stream/-/combined-stream-1.0.8.tgz#c3d45a8b34fd730631a110a8a2520682b31d5a7f"
  integrity sha512-FQN4MRfuJeHf7cBbBMJFXhKSDq+2kAArBlmRBvcvFE5BB1HZKXtSFASDhdlz9zOYwxh8lDdnvmMOe/+5cdoEdg==
  dependencies:
    delayed-stream "~1.0.0"

crc@^4.1.0:
  version "4.1.1"
  resolved "https://registry.npmmirror.com/crc/-/crc-4.1.1.tgz#cb926237b56739f82c8533da1b66925ed33e011f"
  integrity sha512-2U3ZqJ2phJl9ANuP2q5VS53LMpNmYU9vcpmh6nutJmsqUREhtWpTRh9yYxG7sDg3xkwaEEXytSeffTxw4cgwPg==

crypto-js@^4.0.0, crypto-js@^4.1.1:
  version "4.1.1"
  resolved "https://registry.npmmirror.com/crypto-js/-/crypto-js-4.1.1.tgz#9e485bcf03521041bd85844786b83fb7619736cf"
  integrity sha512-o2JlM7ydqd3Qk9CA0L4NL6mTzU2sdx96a+oOfPu8Mkl/PK51vSyoi8/rQ8NknZtk44vq15lmhAj9CIAGwgeWKw==

css-select@^5.1.0:
  version "5.1.0"
  resolved "https://registry.npmmirror.com/css-select/-/css-select-5.1.0.tgz#b8ebd6554c3637ccc76688804ad3f6a6fdaea8a6"
  integrity sha512-nwoRF1rvRRnnCqqY7updORDsuqKzqYJ28+oSMaJMMgOauh3fvwHqMS7EZpIPqK8GL+g9mKxF1vP/ZjSeNjEVHg==
  dependencies:
    boolbase "^1.0.0"
    css-what "^6.1.0"
    domhandler "^5.0.2"
    domutils "^3.0.1"
    nth-check "^2.0.1"

css-what@^6.1.0:
  version "6.1.0"
  resolved "https://registry.npmmirror.com/css-what/-/css-what-6.1.0.tgz#fb5effcf76f1ddea2c81bdfaa4de44e79bac70f4"
  integrity sha512-HTUrgRJ7r4dsZKU6GjmpfRK1O76h97Z8MfS1G0FozR+oF2kG6Vfe8JE6zwrkbxigziPHinCJ+gCPjA9EaBDtRw==

debug@^4.3.1, debug@^4.3.4:
  version "4.3.4"
  resolved "https://registry.npmmirror.com/debug/-/debug-4.3.4.tgz#1319f6579357f2338d3337d2cdd4914bb5dcc865"
  integrity sha512-PRWFHuSU3eDtQJPvnNY7Jcket1j0t5OuOsFzPPzsekD52Zl8qUfFIPEiswXqIvHWGVHOgX+7G/vCNNhehwxfkQ==
  dependencies:
    ms "2.1.2"

delayed-stream@~1.0.0:
  version "1.0.0"
  resolved "https://registry.npmmirror.com/delayed-stream/-/delayed-stream-1.0.0.tgz#df3ae199acadfb7d440aaae0b29e2272b24ec619"
  integrity sha512-ZySD7Nf91aLB0RxL4KGrKHBXl7Eds1DAmEdcoVawXnLD7SDhpNgtuII2aAkg7a7QS41jxPSZ17p4VdGnMHk3MQ==

dom-serializer@^2.0.0:
  version "2.0.0"
  resolved "https://registry.npmmirror.com/dom-serializer/-/dom-serializer-2.0.0.tgz#e41b802e1eedf9f6cae183ce5e622d789d7d8e53"
  integrity sha512-wIkAryiqt/nV5EQKqQpo3SToSOV9J0DnbJqwK7Wv/Trc92zIAYZ4FlMu+JPFW1DfGFt81ZTCGgDEabffXeLyJg==
  dependencies:
    domelementtype "^2.3.0"
    domhandler "^5.0.2"
    entities "^4.2.0"

domelementtype@^2.3.0:
  version "2.3.0"
  resolved "https://registry.npmmirror.com/domelementtype/-/domelementtype-2.3.0.tgz#5c45e8e869952626331d7aab326d01daf65d589d"
  integrity sha512-OLETBj6w0OsagBwdXnPdN0cnMfF9opN69co+7ZrbfPGrdpPVNBUj02spi6B1N7wChLQiPn4CSH/zJvXw56gmHw==

domhandler@^5.0.1, domhandler@^5.0.2, domhandler@^5.0.3:
  version "5.0.3"
  resolved "https://registry.npmmirror.com/domhandler/-/domhandler-5.0.3.tgz#cc385f7f751f1d1fc650c21374804254538c7d31"
  integrity sha512-cgwlv/1iFQiFnU96XXgROh8xTeetsnJiDsTc7TYCLFd9+/WNkIqPTxiM/8pSd8VIrhXGTf1Ny1q1hquVqDJB5w==
  dependencies:
    domelementtype "^2.3.0"

domutils@^3.0.1:
  version "3.0.1"
  resolved "https://registry.npmmirror.com/domutils/-/domutils-3.0.1.tgz#696b3875238338cb186b6c0612bd4901c89a4f1c"
  integrity sha512-z08c1l761iKhDFtfXO04C7kTdPBLi41zwOZl00WS8b5eiaebNpY00HKbztwBq+e3vyqWNwWF3mP9YLUeqIrF+Q==
  dependencies:
    dom-serializer "^2.0.0"
    domelementtype "^2.3.0"
    domhandler "^5.0.1"

entities@^4.2.0, entities@^4.3.0:
  version "4.3.1"
  resolved "https://registry.npmmirror.com/entities/-/entities-4.3.1.tgz#c34062a94c865c322f9d67b4384e4169bcede6a4"
  integrity sha512-o4q/dYJlmyjP2zfnaWDUC6A3BQFmVTX+tZPezK7k0GLSU9QYCauscf5Y+qcEPzKL+EixVouYDgLQK5H9GrLpkg==

esbuild-android-64@0.14.48:
  version "0.14.48"
  resolved "https://registry.npmmirror.com/esbuild-android-64/-/esbuild-android-64-0.14.48.tgz#7e6394a0e517f738641385aaf553c7e4fb6d1ae3"
  integrity sha512-3aMjboap/kqwCUpGWIjsk20TtxVoKck8/4Tu19rubh7t5Ra0Yrpg30Mt1QXXlipOazrEceGeWurXKeFJgkPOUg==

esbuild-android-arm64@0.14.48:
  version "0.14.48"
  resolved "https://registry.npmmirror.com/esbuild-android-arm64/-/esbuild-android-arm64-0.14.48.tgz#6877566be0f82dd5a43030c0007d06ece7f7c02f"
  integrity sha512-vptI3K0wGALiDq+EvRuZotZrJqkYkN5282iAfcffjI5lmGG9G1ta/CIVauhY42MBXwEgDJkweiDcDMRLzBZC4g==

esbuild-darwin-64@0.14.48:
  version "0.14.48"
  resolved "https://registry.npmmirror.com/esbuild-darwin-64/-/esbuild-darwin-64-0.14.48.tgz#ea3caddb707d88f844b1aa1dea5ff3b0a71ef1fd"
  integrity sha512-gGQZa4+hab2Va/Zww94YbshLuWteyKGD3+EsVon8EWTWhnHFRm5N9NbALNbwi/7hQ/hM1Zm4FuHg+k6BLsl5UA==

esbuild-darwin-arm64@0.14.48:
  version "0.14.48"
  resolved "https://registry.npmmirror.com/esbuild-darwin-arm64/-/esbuild-darwin-arm64-0.14.48.tgz#4e5eaab54df66cc319b76a2ac0e8af4e6f0d9c2f"
  integrity sha512-bFjnNEXjhZT+IZ8RvRGNJthLWNHV5JkCtuOFOnjvo5pC0sk2/QVk0Qc06g2PV3J0TcU6kaPC3RN9yy9w2PSLEA==

esbuild-freebsd-64@0.14.48:
  version "0.14.48"
  resolved "https://registry.npmmirror.com/esbuild-freebsd-64/-/esbuild-freebsd-64-0.14.48.tgz#47b5abc7426eae66861490ffbb380acc67af5b15"
  integrity sha512-1NOlwRxmOsnPcWOGTB10JKAkYSb2nue0oM1AfHWunW/mv3wERfJmnYlGzL3UAOIUXZqW8GeA2mv+QGwq7DToqA==

esbuild-freebsd-arm64@0.14.48:
  version "0.14.48"
  resolved "https://registry.npmmirror.com/esbuild-freebsd-arm64/-/esbuild-freebsd-arm64-0.14.48.tgz#e8c54c8637cd44feed967ea12338b0a4da3a7b11"
  integrity sha512-gXqKdO8wabVcYtluAbikDH2jhXp+Klq5oCD5qbVyUG6tFiGhrC9oczKq3vIrrtwcxDQqK6+HDYK8Zrd4bCA9Gw==

esbuild-linux-32@0.14.48:
  version "0.14.48"
  resolved "https://registry.npmmirror.com/esbuild-linux-32/-/esbuild-linux-32-0.14.48.tgz#229cf3246de2b7937c3ac13fac622d4d7a1344c5"
  integrity sha512-ghGyDfS289z/LReZQUuuKq9KlTiTspxL8SITBFQFAFRA/IkIvDpnZnCAKTCjGXAmUqroMQfKJXMxyjJA69c/nQ==

esbuild-linux-64@0.14.48:
  version "0.14.48"
  resolved "https://registry.npmmirror.com/esbuild-linux-64/-/esbuild-linux-64-0.14.48.tgz#7c0e7226c02c42aacc5656c36977493dc1e96c4f"
  integrity sha512-vni3p/gppLMVZLghI7oMqbOZdGmLbbKR23XFARKnszCIBpEMEDxOMNIKPmMItQrmH/iJrL1z8Jt2nynY0bE1ug==

esbuild-linux-arm64@0.14.48:
  version "0.14.48"
  resolved "https://registry.npmmirror.com/esbuild-linux-arm64/-/esbuild-linux-arm64-0.14.48.tgz#0af1eda474b5c6cc0cace8235b74d0cb8fcf57a7"
  integrity sha512-3CFsOlpoxlKPRevEHq8aAntgYGYkE1N9yRYAcPyng/p4Wyx0tPR5SBYsxLKcgPB9mR8chHEhtWYz6EZ+H199Zw==

esbuild-linux-arm@0.14.48:
  version "0.14.48"
  resolved "https://registry.npmmirror.com/esbuild-linux-arm/-/esbuild-linux-arm-0.14.48.tgz#de4d1fa6b77cdcd00e2bb43dd0801e4680f0ab52"
  integrity sha512-+VfSV7Akh1XUiDNXgqgY1cUP1i2vjI+BmlyXRfVz5AfV3jbpde8JTs5Q9sYgaoq5cWfuKfoZB/QkGOI+QcL1Tw==

esbuild-linux-mips64le@0.14.48:
  version "0.14.48"
  resolved "https://registry.npmmirror.com/esbuild-linux-mips64le/-/esbuild-linux-mips64le-0.14.48.tgz#822c1778495f7868e990d4da47ad7281df28fd15"
  integrity sha512-cs0uOiRlPp6ymknDnjajCgvDMSsLw5mST2UXh+ZIrXTj2Ifyf2aAP3Iw4DiqgnyYLV2O/v/yWBJx+WfmKEpNLA==

esbuild-linux-ppc64le@0.14.48:
  version "0.14.48"
  resolved "https://registry.npmmirror.com/esbuild-linux-ppc64le/-/esbuild-linux-ppc64le-0.14.48.tgz#55de0a9ec4a48fedfe82a63e083164d001709447"
  integrity sha512-+2F0vJMkuI0Wie/wcSPDCqXvSFEELH7Jubxb7mpWrA/4NpT+/byjxDz0gG6R1WJoeDefcrMfpBx4GFNN1JQorQ==

esbuild-linux-riscv64@0.14.48:
  version "0.14.48"
  resolved "https://registry.npmmirror.com/esbuild-linux-riscv64/-/esbuild-linux-riscv64-0.14.48.tgz#cd2b7381880b2f4b21a5a598fb673492120f18a5"
  integrity sha512-BmaK/GfEE+5F2/QDrIXteFGKnVHGxlnK9MjdVKMTfvtmudjY3k2t8NtlY4qemKSizc+QwyombGWTBDc76rxePA==

esbuild-linux-s390x@0.14.48:
  version "0.14.48"
  resolved "https://registry.npmmirror.com/esbuild-linux-s390x/-/esbuild-linux-s390x-0.14.48.tgz#4b319eca2a5c64637fc7397ffbd9671719cdb6bf"
  integrity sha512-tndw/0B9jiCL+KWKo0TSMaUm5UWBLsfCKVdbfMlb3d5LeV9WbijZ8Ordia8SAYv38VSJWOEt6eDCdOx8LqkC4g==

esbuild-netbsd-64@0.14.48:
  version "0.14.48"
  resolved "https://registry.npmmirror.com/esbuild-netbsd-64/-/esbuild-netbsd-64-0.14.48.tgz#c27cde8b5cb55dcc227943a18ab078fb98d0adbf"
  integrity sha512-V9hgXfwf/T901Lr1wkOfoevtyNkrxmMcRHyticybBUHookznipMOHoF41Al68QBsqBxnITCEpjjd4yAos7z9Tw==

esbuild-openbsd-64@0.14.48:
  version "0.14.48"
  resolved "https://registry.npmmirror.com/esbuild-openbsd-64/-/esbuild-openbsd-64-0.14.48.tgz#af5ab2d1cb41f09064bba9465fc8bf1309150df1"
  integrity sha512-+IHf4JcbnnBl4T52egorXMatil/za0awqzg2Vy6FBgPcBpisDWT2sVz/tNdrK9kAqj+GZG/jZdrOkj7wsrNTKA==

esbuild-sunos-64@0.14.48:
  version "0.14.48"
  resolved "https://registry.npmmirror.com/esbuild-sunos-64/-/esbuild-sunos-64-0.14.48.tgz#db3ae20526055cf6fd5c4582676233814603ac54"
  integrity sha512-77m8bsr5wOpOWbGi9KSqDphcq6dFeJyun8TA+12JW/GAjyfTwVtOnN8DOt6DSPUfEV+ltVMNqtXUeTeMAxl5KA==

esbuild-windows-32@0.14.48:
  version "0.14.48"
  resolved "https://registry.npmmirror.com/esbuild-windows-32/-/esbuild-windows-32-0.14.48.tgz#021ffceb0a3f83078262870da88a912293c57475"
  integrity sha512-EPgRuTPP8vK9maxpTGDe5lSoIBHGKO/AuxDncg5O3NkrPeLNdvvK8oywB0zGaAZXxYWfNNSHskvvDgmfVTguhg==

esbuild-windows-64@0.14.48:
  version "0.14.48"
  resolved "https://registry.npmmirror.com/esbuild-windows-64/-/esbuild-windows-64-0.14.48.tgz#a4d3407b580f9faac51f61eec095fa985fb3fee4"
  integrity sha512-YmpXjdT1q0b8ictSdGwH3M8VCoqPpK1/UArze3X199w6u8hUx3V8BhAi1WjbsfDYRBanVVtduAhh2sirImtAvA==

esbuild-windows-arm64@0.14.48:
  version "0.14.48"
  resolved "https://registry.npmmirror.com/esbuild-windows-arm64/-/esbuild-windows-arm64-0.14.48.tgz#762c0562127d8b09bfb70a3c816460742dd82880"
  integrity sha512-HHaOMCsCXp0rz5BT2crTka6MPWVno121NKApsGs/OIW5QC0ggC69YMGs1aJct9/9FSUF4A1xNE/cLvgB5svR4g==

esbuild@^0.14.48:
  version "0.14.48"
  resolved "https://registry.npmmirror.com/esbuild/-/esbuild-0.14.48.tgz#da5d8d25cd2d940c45ea0cfecdca727f7aee2b85"
  integrity sha512-w6N1Yn5MtqK2U1/WZTX9ZqUVb8IOLZkZ5AdHkT6x3cHDMVsYWC7WPdiLmx19w3i4Rwzy5LqsEMtVihG3e4rFzA==
  optionalDependencies:
    esbuild-android-64 "0.14.48"
    esbuild-android-arm64 "0.14.48"
    esbuild-darwin-64 "0.14.48"
    esbuild-darwin-arm64 "0.14.48"
    esbuild-freebsd-64 "0.14.48"
    esbuild-freebsd-arm64 "0.14.48"
    esbuild-linux-32 "0.14.48"
    esbuild-linux-64 "0.14.48"
    esbuild-linux-arm "0.14.48"
    esbuild-linux-arm64 "0.14.48"
    esbuild-linux-mips64le "0.14.48"
    esbuild-linux-ppc64le "0.14.48"
    esbuild-linux-riscv64 "0.14.48"
    esbuild-linux-s390x "0.14.48"
    esbuild-netbsd-64 "0.14.48"
    esbuild-openbsd-64 "0.14.48"
    esbuild-sunos-64 "0.14.48"
    esbuild-windows-32 "0.14.48"
    esbuild-windows-64 "0.14.48"
    esbuild-windows-arm64 "0.14.48"

follow-redirects@^1.14.0, follow-redirects@^1.14.9:
  version "1.15.1"
  resolved "https://registry.npmmirror.com/follow-redirects/-/follow-redirects-1.15.1.tgz#0ca6a452306c9b276e4d3127483e29575e207ad5"
  integrity sha512-yLAMQs+k0b2m7cVxpS1VKJVvoz7SS9Td1zss3XRwXj+ZDH00RJgnuLx7E44wx02kQLrdM3aOOy+FpzS7+8OizA==

form-data@^3.0.0:
  version "3.0.1"
  resolved "https://registry.npmmirror.com/form-data/-/form-data-3.0.1.tgz#ebd53791b78356a99af9a300d4282c4d5eb9755f"
  integrity sha512-RHkBKtLWUVwd7SqRIvCZMEvAMoGUp0XU+seQiZejj0COz3RI3hWP4sCv3gZWWLjJTd7rGwcsF5eKZGii0r/hbg==
  dependencies:
    asynckit "^0.4.0"
    combined-stream "^1.0.8"
    mime-types "^2.1.12"

form-data@^4.0.0:
  version "4.0.0"
  resolved "https://registry.npmmirror.com/form-data/-/form-data-4.0.0.tgz#93919daeaf361ee529584b9b31664dc12c9fa452"
  integrity sha512-ETEklSGi5t0QMZuiXoA/Q6vcnxcLQP5vdugSpuAyi6SVGi2clPPp+xgEhuMaHC+zGgn31Kd235W35f7Hykkaww==
  dependencies:
    asynckit "^0.4.0"
    combined-stream "^1.0.8"
    mime-types "^2.1.12"

htmlparser2@^8.0.1:
  version "8.0.1"
  resolved "https://registry.npmmirror.com/htmlparser2/-/htmlparser2-8.0.1.tgz#abaa985474fcefe269bc761a779b544d7196d010"
  integrity sha512-4lVbmc1diZC7GUJQtRQ5yBAeUCL1exyMwmForWkRLnwyzWBFxN633SALPMGYaWZvKe9j1pRZJpauvmxENSp/EA==
  dependencies:
    domelementtype "^2.3.0"
    domhandler "^5.0.2"
    domutils "^3.0.1"
    entities "^4.3.0"

lodash.get@^4.4.2:
  version "4.4.2"
  resolved "https://registry.npmmirror.com/lodash.get/-/lodash.get-4.4.2.tgz#2d177f652fa31e939b4438d5341499dfa3825e99"
  integrity sha512-z+Uw/vLuy6gQe8cfaFWD7p0wVv8fJl3mbzXh33RS+0oW2wvUqiRXiQ69gLWSLpgB5/6sU+r6BlQR0MBILadqTQ==

long@^4.0.0:
  version "4.0.0"
  resolved "https://registry.npmmirror.com/long/-/long-4.0.0.tgz#9a7b71cfb7d361a194ea555241c92f7468d5bf28"
  integrity sha512-XsP+KhQif4bjX1kbuSiySJFNAehNxgLb6hPRGJ9QsUr8ajHkuXGdrHmFUTUUXhDwVX2R5bY4JNZEwbUiMhV+MA==

mime-db@1.52.0:
  version "1.52.0"
  resolved "https://registry.npmmirror.com/mime-db/-/mime-db-1.52.0.tgz#bbabcdc02859f4987301c856e3387ce5ec43bf70"
  integrity sha512-sPU4uV7dYlvtWJxwwxHD0PuihVNiE7TyAbQ5SWxDCB9mUYvOgroQOwYQQOKPJ8CIbE+1ETVlOoK1UC2nU3gYvg==

mime-types@^2.1.12:
  version "2.1.35"
  resolved "https://registry.npmmirror.com/mime-types/-/mime-types-2.1.35.tgz#381a871b62a734450660ae3deee44813f70d959a"
  integrity sha512-ZDY+bPm5zTTF+YpCrAU9nK0UgICYPT0QtT1NZWFv4s++TNkcgVaT0g6+4R2uI4MjQjzysHB1zxuWL50hzaeXiw==
  dependencies:
    mime-db "1.52.0"

ms@2.1.2:
  version "2.1.2"
  resolved "https://registry.npmmirror.com/ms/-/ms-2.1.2.tgz#d09d1f357b443f493382a8eb3ccd183872ae6009"
  integrity sha512-sGkPx+VjMtmA6MX27oA4FBFELFCZZ4S4XqeGOXCv68tT+jb3vk/RyaKWP0PTKyWtmLSM0b+adUTEvbs1PEaH2w==

nth-check@^2.0.1:
  version "2.1.1"
  resolved "https://registry.npmmirror.com/nth-check/-/nth-check-2.1.1.tgz#c9eab428effce36cd6b92c924bdb000ef1f1ed1d"
  integrity sha512-lqjrjmaOoAnWfMmBPL+XNnynZh2+swxiX3WUE0s4yEHI6m+AwrK2UZOimIRl3X/4QctVqS8AiZjFqyOGrMXb/w==
  dependencies:
    boolbase "^1.0.0"

parse5-htmlparser2-tree-adapter@^7.0.0:
  version "7.0.0"
  resolved "https://registry.npmmirror.com/parse5-htmlparser2-tree-adapter/-/parse5-htmlparser2-tree-adapter-7.0.0.tgz#23c2cc233bcf09bb7beba8b8a69d46b08c62c2f1"
  integrity sha512-B77tOZrqqfUfnVcOrUvfdLbz4pu4RopLD/4vmu3HUPswwTA8OH0EMW9BlWR2B0RCoiZRAHEUu7IxeP1Pd1UU+g==
  dependencies:
    domhandler "^5.0.2"
    parse5 "^7.0.0"

parse5@^7.0.0:
  version "7.0.0"
  resolved "https://registry.npmmirror.com/parse5/-/parse5-7.0.0.tgz#51f74a5257f5fcc536389e8c2d0b3802e1bfa91a"
  integrity sha512-y/t8IXSPWTuRZqXc0ajH/UwDj4mnqLEbSttNbThcFhGrZuOyoyvNBO85PBp2jQa55wY9d07PBNjsK8ZP3K5U6g==
  dependencies:
    entities "^4.3.0"

protobufjs@^6.11.2:
  version "6.11.3"
  resolved "https://registry.npmmirror.com/protobufjs/-/protobufjs-6.11.3.tgz#637a527205a35caa4f3e2a9a4a13ddffe0e7af74"
  integrity sha512-xL96WDdCZYdU7Slin569tFX712BxsxslWwAfAhCYjQKGTq7dAU91Lomy6nLLhh/dyGhk/YH4TwTSRxTzhuHyZg==
  dependencies:
    "@protobufjs/aspromise" "^1.1.2"
    "@protobufjs/base64" "^1.1.2"
    "@protobufjs/codegen" "^2.0.4"
    "@protobufjs/eventemitter" "^1.1.0"
    "@protobufjs/fetch" "^1.1.0"
    "@protobufjs/float" "^1.0.2"
    "@protobufjs/inquire" "^1.1.0"
    "@protobufjs/path" "^1.1.2"
    "@protobufjs/pool" "^1.1.0"
    "@protobufjs/utf8" "^1.1.0"
    "@types/long" "^4.0.1"
    "@types/node" ">=13.7.0"
    long "^4.0.0"

uuid@^8.3.2:
  version "8.3.2"
  resolved "https://registry.npmmirror.com/uuid/-/uuid-8.3.2.tgz#80d5b5ced271bb9af6c445f21a1a04c606cefbe2"
  integrity sha512-+NYs2QeMWy+GWFOEm9xnn6HCDp0l7QBD7ml8zLUmJ+93Q5NF0NocErnwkTkXVFNiX3/fpC6afS8Dhb/gz7R7eg==
